
Microsoft Visual Studio Solution File, Format Version 10.00
# Visual Studio 2008
Project("{8BC9CEB8-8B4A-11D0-8D11-00A0C91BC942}") = "spacenavd", "spacenavd.vcproj", "{C1F098DD-4900-4820-98D5-4601340C8F90}"
EndProject
Global
	GlobalSection(SolutionConfigurationPlatforms) = preSolution
		Debug|Win32 = Debug|Win32
		Release|Win32 = Release|Win32
	EndGlobalSection
	GlobalSection(ProjectConfigurationPlatforms) = postSolution
		{C1F098DD-4900-4820-98D5-4601340C8F90}.Debug|Win32.ActiveCfg = Debug|Win32
		{C1F098DD-4900-4820-98D5-4601340C8F90}.Debug|Win32.Build.0 = Debug|Win32
		{C1F098DD-4900-4820-98D5-4601340C8F90}.Release|Win32.ActiveCfg = Release|Win32
		{C1F098DD-4900-4820-98D5-4601340C8F90}.Release|Win32.Build.0 = Release|Win32
	EndGlobalSection
	GlobalSection(SolutionProperties) = preSolution
		HideSolutionNode = FALSE
	EndGlobalSection
EndGlobal
